# THIS IS AN AUTOGENERATED FILE. DO NOT EDIT THIS FILE DIRECTLY.
# yarn lockfile v1


querystringify@^2.0.0:
  version "2.1.0"
  resolved "http://registry.npm.taobao.org/querystringify/download/querystringify-2.1.0.tgz#7ded8dfbf7879dcc60d0a644ac6754b283ad17ef"
  integrity sha1-fe2N+/eHncxg0KZErGdUsoOtF+8=

requires-port@^1.0.0:
  version "1.0.0"
  resolved "http://registry.npm.taobao.org/requires-port/download/requires-port-1.0.0.tgz#925d2601d39ac485e091cf0da5c6e694dc3dcaff"
  integrity sha1-kl0mAdOaxIXgkc8NpcbmlNw9yv8=

url-parse@^1.4.4:
  version "1.4.4"
  resolved "http://registry.npm.taobao.org/url-parse/download/url-parse-1.4.4.tgz#cac1556e95faa0303691fec5cf9d5a1bc34648f8"
  integrity sha1-ysFVbpX6oDA2kf7Fz51aG8NGSPg=
  dependencies:
    querystringify "^2.0.0"
    requires-port "^1.0.0"
